
Microsoft Visual Studio Solution File, Format Version 12.00
# Visual Studio 2012
Project("{FAE04EC0-301F-11D3-BF4B-00C04F79EFBC}") = "Patterns_AbstractFactory", "Patterns_AbstractFactory\Patterns_AbstractFactory.csproj", "{B704CD7F-CABB-49C8-9B9F-83523EEB079A}"
EndProject
Global
	GlobalSection(SolutionConfigurationPlatforms) = preSolution
		Debug|Any CPU = Debug|Any CPU
		Release|Any CPU = Release|Any CPU
	EndGlobalSection
	GlobalSection(ProjectConfigurationPlatforms) = postSolution
		{B704CD7F-CABB-49C8-9B9F-83523EEB079A}.Debug|Any CPU.ActiveCfg = Debug|Any CPU
		{B704CD7F-CABB-49C8-9B9F-83523EEB079A}.Debug|Any CPU.Build.0 = Debug|Any CPU
		{B704CD7F-CABB-49C8-9B9F-83523EEB079A}.Release|Any CPU.ActiveCfg = Release|Any CPU
		{B704CD7F-CABB-49C8-9B9F-83523EEB079A}.Release|Any CPU.Build.0 = Release|Any CPU
	EndGlobalSection
EndGlobal
